// !$*UTF8*$!
{
	archiveVersion = 1;
	classes = {
	};
	objectVersion = 56;
	objects = {

/* Begin PBXBuildFile section */
		DE0A2D272A28F47E00A50113 /* ThumbnailManager.swift in Sources */ = {isa = PBXBuildFile; fileRef = DE0A2D262A28F47E00A50113 /* ThumbnailManager.swift */; };
		DE5736172A85E465001E5C02 /* ViewExtension.swift in Sources */ = {isa = PBXBuildFile; fileRef = DE5736162A85E465001E5C02 /* ViewExtension.swift */; };
		DE640C0C2A28E823003518D0 /* RecipeCell.swift in Sources */ = {isa = PBXBuildFile; fileRef = DE640C0A2A28E823003518D0 /* RecipeCell.swift */; };
		DE640C0D2A28E823003518D0 /* RecipeCell.xib in Resources */ = {isa = PBXBuildFile; fileRef = DE640C0B2A28E823003518D0 /* RecipeCell.xib */; };
		DE9157B52A24B3DD003D45E8 /* AppDelegate.swift in Sources */ = {isa = PBXBuildFile; fileRef = DE9157B42A24B3DD003D45E8 /* AppDelegate.swift */; };
		DE9157B72A24B3DD003D45E8 /* SceneDelegate.swift in Sources */ = {isa = PBXBuildFile; fileRef = DE9157B62A24B3DD003D45E8 /* SceneDelegate.swift */; };
		DE9157B92A24B3DD003D45E8 /* ViewController.swift in Sources */ = {isa = PBXBuildFile; fileRef = DE9157B82A24B3DD003D45E8 /* ViewController.swift */; };
		DE9157BC2A24B3DD003D45E8 /* Main.storyboard in Resources */ = {isa = PBXBuildFile; fileRef = DE9157BA2A24B3DD003D45E8 /* Main.storyboard */; };
		DE9157BE2A24B3DF003D45E8 /* Assets.xcassets in Resources */ = {isa = PBXBuildFile; fileRef = DE9157BD2A24B3DF003D45E8 /* Assets.xcassets */; };
		DE9157C12A24B3DF003D45E8 /* LaunchScreen.storyboard in Resources */ = {isa = PBXBuildFile; fileRef = DE9157BF2A24B3DF003D45E8 /* LaunchScreen.storyboard */; };
		DEC1B0162A270947003EBD8C /* RecipeResponse.swift in Sources */ = {isa = PBXBuildFile; fileRef = DEC1B0152A270947003EBD8C /* RecipeResponse.swift */; };
		DEC1B0182A273F13003EBD8C /* SearchRecipeResponse.swift in Sources */ = {isa = PBXBuildFile; fileRef = DEC1B0172A273F13003EBD8C /* SearchRecipeResponse.swift */; };
		DEC1B01B2A274A2F003EBD8C /* RecipeManager.swift in Sources */ = {isa = PBXBuildFile; fileRef = DEC1B01A2A274A2F003EBD8C /* RecipeManager.swift */; };
/* End PBXBuildFile section */

/* Begin PBXFileReference section */
		DE0A2D262A28F47E00A50113 /* ThumbnailManager.swift */ = {isa = PBXFileReference; lastKnownFileType = sourcecode.swift; path = ThumbnailManager.swift; sourceTree = "<group>"; };
		DE5736162A85E465001E5C02 /* ViewExtension.swift */ = {isa = PBXFileReference; lastKnownFileType = sourcecode.swift; path = ViewExtension.swift; sourceTree = "<group>"; };
		DE640C0A2A28E823003518D0 /* RecipeCell.swift */ = {isa = PBXFileReference; lastKnownFileType = sourcecode.swift; path = RecipeCell.swift; sourceTree = "<group>"; };
		DE640C0B2A28E823003518D0 /* RecipeCell.xib */ = {isa = PBXFileReference; lastKnownFileType = file.xib; path = RecipeCell.xib; sourceTree = "<group>"; };
		DE9157B12A24B3DD003D45E8 /* Resep Ku.app */ = {isa = PBXFileReference; explicitFileType = wrapper.application; includeInIndex = 0; path = "Resep Ku.app"; sourceTree = BUILT_PRODUCTS_DIR; };
		DE9157B42A24B3DD003D45E8 /* AppDelegate.swift */ = {isa = PBXFileReference; lastKnownFileType = sourcecode.swift; path = AppDelegate.swift; sourceTree = "<group>"; };
		DE9157B62A24B3DD003D45E8 /* SceneDelegate.swift */ = {isa = PBXFileReference; lastKnownFileType = sourcecode.swift; path = SceneDelegate.swift; sourceTree = "<group>"; };
		DE9157B82A24B3DD003D45E8 /* ViewController.swift */ = {isa = PBXFileReference; lastKnownFileType = sourcecode.swift; path = ViewController.swift; sourceTree = "<group>"; };
		DE9157BB2A24B3DD003D45E8 /* Base */ = {isa = PBXFileReference; lastKnownFileType = file.storyboard; name = Base; path = Base.lproj/Main.storyboard; sourceTree = "<group>"; };
		DE9157BD2A24B3DF003D45E8 /* Assets.xcassets */ = {isa = PBXFileReference; lastKnownFileType = folder.assetcatalog; path = Assets.xcassets; sourceTree = "<group>"; };
		DE9157C02A24B3DF003D45E8 /* Base */ = {isa = PBXFileReference; lastKnownFileType = file.storyboard; name = Base; path = Base.lproj/LaunchScreen.storyboard; sourceTree = "<group>"; };
		DE9157C22A24B3DF003D45E8 /* Info.plist */ = {isa = PBXFileReference; lastKnownFileType = text.plist.xml; path = Info.plist; sourceTree = "<group>"; };
		DEC1B0152A270947003EBD8C /* RecipeResponse.swift */ = {isa = PBXFileReference; lastKnownFileType = sourcecode.swift; path = RecipeResponse.swift; sourceTree = "<group>"; };
		DEC1B0172A273F13003EBD8C /* SearchRecipeResponse.swift */ = {isa = PBXFileReference; lastKnownFileType = sourcecode.swift; path = SearchRecipeResponse.swift; sourceTree = "<group>"; };
		DEC1B01A2A274A2F003EBD8C /* RecipeManager.swift */ = {isa = PBXFileReference; lastKnownFileType = sourcecode.swift; path = RecipeManager.swift; sourceTree = "<group>"; };
/* End PBXFileReference section */

/* Begin PBXFrameworksBuildPhase section */
		DE9157AE2A24B3DD003D45E8 /* Frameworks */ = {
			isa = PBXFrameworksBuildPhase;
			buildActionMask = 2147483647;
			files = (
			);
			runOnlyForDeploymentPostprocessing = 0;
		};
/* End PBXFrameworksBuildPhase section */

/* Begin PBXGroup section */
		DE5736152A85E44E001E5C02 /* Helper */ = {
			isa = PBXGroup;
			children = (
				DE5736162A85E465001E5C02 /* ViewExtension.swift */,
			);
			path = Helper;
			sourceTree = "<group>";
		};
		DE57361A2A85E8D3001E5C02 /* Recipe */ = {
			isa = PBXGroup;
			children = (
				DE640C0A2A28E823003518D0 /* RecipeCell.swift */,
				DE640C0B2A28E823003518D0 /* RecipeCell.xib */,
			);
			path = Recipe;
			sourceTree = "<group>";
		};
		DE640C082A28E76E003518D0 /* View */ = {
			isa = PBXGroup;
			children = (
				DE57361A2A85E8D3001E5C02 /* Recipe */,
				DE9157BA2A24B3DD003D45E8 /* Main.storyboard */,
			);
			path = View;
			sourceTree = "<group>";
		};
		DE640C092A28E7AB003518D0 /* ViewController */ = {
			isa = PBXGroup;
			children = (
				DE9157B82A24B3DD003D45E8 /* ViewController.swift */,
			);
			path = ViewController;
			sourceTree = "<group>";
		};
		DE9157A82A24B3DD003D45E8 = {
			isa = PBXGroup;
			children = (
				DE9157B32A24B3DD003D45E8 /* Resep Ku */,
				DE9157B22A24B3DD003D45E8 /* Products */,
			);
			sourceTree = "<group>";
		};
		DE9157B22A24B3DD003D45E8 /* Products */ = {
			isa = PBXGroup;
			children = (
				DE9157B12A24B3DD003D45E8 /* Resep Ku.app */,
			);
			name = Products;
			sourceTree = "<group>";
		};
		DE9157B32A24B3DD003D45E8 /* Resep Ku */ = {
			isa = PBXGroup;
			children = (
				DE5736152A85E44E001E5C02 /* Helper */,
				DE640C092A28E7AB003518D0 /* ViewController */,
				DE640C082A28E76E003518D0 /* View */,
				DEC1B0122A26F19C003EBD8C /* Model */,
				DE9157B42A24B3DD003D45E8 /* AppDelegate.swift */,
				DE9157B62A24B3DD003D45E8 /* SceneDelegate.swift */,
				DE9157BD2A24B3DF003D45E8 /* Assets.xcassets */,
				DE9157BF2A24B3DF003D45E8 /* LaunchScreen.storyboard */,
				DE9157C22A24B3DF003D45E8 /* Info.plist */,
			);
			path = "Resep Ku";
			sourceTree = "<group>";
		};
		DEC1B0122A26F19C003EBD8C /* Model */ = {
			isa = PBXGroup;
			children = (
				DEC1B0192A274994003EBD8C /* Response */,
				DEC1B01A2A274A2F003EBD8C /* RecipeManager.swift */,
				DE0A2D262A28F47E00A50113 /* ThumbnailManager.swift */,
			);
			path = Model;
			sourceTree = "<group>";
		};
		DEC1B0192A274994003EBD8C /* Response */ = {
			isa = PBXGroup;
			children = (
				DEC1B0172A273F13003EBD8C /* SearchRecipeResponse.swift */,
				DEC1B0152A270947003EBD8C /* RecipeResponse.swift */,
			);
			path = Response;
			sourceTree = "<group>";
		};
/* End PBXGroup section */

/* Begin PBXNativeTarget section */
		DE9157B02A24B3DD003D45E8 /* Resep Ku */ = {
			isa = PBXNativeTarget;
			buildConfigurationList = DE9157C52A24B3DF003D45E8 /* Build configuration list for PBXNativeTarget "Resep Ku" */;
			buildPhases = (
				DE9157AD2A24B3DD003D45E8 /* Sources */,
				DE9157AE2A24B3DD003D45E8 /* Frameworks */,
				DE9157AF2A24B3DD003D45E8 /* Resources */,
			);
			buildRules = (
			);
			dependencies = (
			);
			name = "Resep Ku";
			productName = "Resep Ku";
			productReference = DE9157B12A24B3DD003D45E8 /* Resep Ku.app */;
			productType = "com.apple.product-type.application";
		};
/* End PBXNativeTarget section */

/* Begin PBXProject section */
		DE9157A92A24B3DD003D45E8 /* Project object */ = {
			isa = PBXProject;
			attributes = {
				BuildIndependentTargetsInParallel = 1;
				LastSwiftUpdateCheck = 1430;
				LastUpgradeCheck = 1430;
				TargetAttributes = {
					DE9157B02A24B3DD003D45E8 = {
						CreatedOnToolsVersion = 14.3;
					};
				};
			};
			buildConfigurationList = DE9157AC2A24B3DD003D45E8 /* Build configuration list for PBXProject "Resep Ku" */;
			compatibilityVersion = "Xcode 14.0";
			developmentRegion = en;
			hasScannedForEncodings = 0;
			knownRegions = (
				en,
				Base,
			);
			mainGroup = DE9157A82A24B3DD003D45E8;
			productRefGroup = DE9157B22A24B3DD003D45E8 /* Products */;
			projectDirPath = "";
			projectRoot = "";
			targets = (
				DE9157B02A24B3DD003D45E8 /* Resep Ku */,
			);
		};
/* End PBXProject section */

/* Begin PBXResourcesBuildPhase section */
		DE9157AF2A24B3DD003D45E8 /* Resources */ = {
			isa = PBXResourcesBuildPhase;
			buildActionMask = 2147483647;
			files = (
				DE9157C12A24B3DF003D45E8 /* LaunchScreen.storyboard in Resources */,
				DE9157BE2A24B3DF003D45E8 /* Assets.xcassets in Resources */,
				DE9157BC2A24B3DD003D45E8 /* Main.storyboard in Resources */,
				DE640C0D2A28E823003518D0 /* RecipeCell.xib in Resources */,
			);
			runOnlyForDeploymentPostprocessing = 0;
		};
/* End PBXResourcesBuildPhase section */

/* Begin PBXSourcesBuildPhase section */
		DE9157AD2A24B3DD003D45E8 /* Sources */ = {
			isa = PBXSourcesBuildPhase;
			buildActionMask = 2147483647;
			files = (
				DE5736172A85E465001E5C02 /* ViewExtension.swift in Sources */,
				DE0A2D272A28F47E00A50113 /* ThumbnailManager.swift in Sources */,
				DE9157B92A24B3DD003D45E8 /* ViewController.swift in Sources */,
				DEC1B0182A273F13003EBD8C /* SearchRecipeResponse.swift in Sources */,
				DE9157B52A24B3DD003D45E8 /* AppDelegate.swift in Sources */,
				DE640C0C2A28E823003518D0 /* RecipeCell.swift in Sources */,
				DEC1B01B2A274A2F003EBD8C /* RecipeManager.swift in Sources */,
				DE9157B72A24B3DD003D45E8 /* SceneDelegate.swift in Sources */,
				DEC1B0162A270947003EBD8C /* RecipeResponse.swift in Sources */,
			);
			runOnlyForDeploymentPostprocessing = 0;
		};
/* End PBXSourcesBuildPhase section */

/* Begin PBXVariantGroup section */
		DE9157BA2A24B3DD003D45E8 /* Main.storyboard */ = {
			isa = PBXVariantGroup;
			children = (
				DE9157BB2A24B3DD003D45E8 /* Base */,
			);
			name = Main.storyboard;
			sourceTree = "<group>";
		};
		DE9157BF2A24B3DF003D45E8 /* LaunchScreen.storyboard */ = {
			isa = PBXVariantGroup;
			children = (
				DE9157C02A24B3DF003D45E8 /* Base */,
			);
			name = LaunchScreen.storyboard;
			sourceTree = "<group>";
		};
/* End PBXVariantGroup section */

/* Begin XCBuildConfiguration section */
		DE9157C32A24B3DF003D45E8 /* Debug */ = {
			isa = XCBuildConfiguration;
			buildSettings = {
				ALWAYS_SEARCH_USER_PATHS = NO;
				CLANG_ANALYZER_NONNULL = YES;
				CLANG_ANALYZER_NUMBER_OBJECT_CONVERSION = YES_AGGRESSIVE;
				CLANG_CXX_LANGUAGE_STANDARD = "gnu++20";
				CLANG_ENABLE_MODULES = YES;
				CLANG_ENABLE_OBJC_ARC = YES;
				CLANG_ENABLE_OBJC_WEAK = YES;
				CLANG_WARN_BLOCK_CAPTURE_AUTORELEASING = YES;
				CLANG_WARN_BOOL_CONVERSION = YES;
				CLANG_WARN_COMMA = YES;
				CLANG_WARN_CONSTANT_CONVERSION = YES;
				CLANG_WARN_DEPRECATED_OBJC_IMPLEMENTATIONS = YES;
				CLANG_WARN_DIRECT_OBJC_ISA_USAGE = YES_ERROR;
				CLANG_WARN_DOCUMENTATION_COMMENTS = YES;
				CLANG_WARN_EMPTY_BODY = YES;
				CLANG_WARN_ENUM_CONVERSION = YES;
				CLANG_WARN_INFINITE_RECURSION = YES;
				CLANG_WARN_INT_CONVERSION = YES;
				CLANG_WARN_NON_LITERAL_NULL_CONVERSION = YES;
				CLANG_WARN_OBJC_IMPLICIT_RETAIN_SELF = YES;
				CLANG_WARN_OBJC_LITERAL_CONVERSION = YES;
				CLANG_WARN_OBJC_ROOT_CLASS = YES_ERROR;
				CLANG_WARN_QUOTED_INCLUDE_IN_FRAMEWORK_HEADER = YES;
				CLANG_WARN_RANGE_LOOP_ANALYSIS = YES;
				CLANG_WARN_STRICT_PROTOTYPES = YES;
				CLANG_WARN_SUSPICIOUS_MOVE = YES;
				CLANG_WARN_UNGUARDED_AVAILABILITY = YES_AGGRESSIVE;
				CLANG_WARN_UNREACHABLE_CODE = YES;
				CLANG_WARN__DUPLICATE_METHOD_MATCH = YES;
				COPY_PHASE_STRIP = NO;
				DEBUG_INFORMATION_FORMAT = dwarf;
				ENABLE_STRICT_OBJC_MSGSEND = YES;
				ENABLE_TESTABILITY = YES;
				GCC_C_LANGUAGE_STANDARD = gnu11;
				GCC_DYNAMIC_NO_PIC = NO;
				GCC_NO_COMMON_BLOCKS = YES;
				GCC_OPTIMIZATION_LEVEL = 0;
				GCC_PREPROCESSOR_DEFINITIONS = (
					"DEBUG=1",
					"$(inherited)",
				);
				GCC_WARN_64_TO_32_BIT_CONVERSION = YES;
				GCC_WARN_ABOUT_RETURN_TYPE = YES_ERROR;
				GCC_WARN_UNDECLARED_SELECTOR = YES;
				GCC_WARN_UNINITIALIZED_AUTOS = YES_AGGRESSIVE;
				GCC_WARN_UNUSED_FUNCTION = YES;
				GCC_WARN_UNUSED_VARIABLE = YES;
				IPHONEOS_DEPLOYMENT_TARGET = 16.4;
				MTL_ENABLE_DEBUG_INFO = INCLUDE_SOURCE;
				MTL_FAST_MATH = YES;
				ONLY_ACTIVE_ARCH = YES;
				SDKROOT = iphoneos;
				SWIFT_ACTIVE_COMPILATION_CONDITIONS = DEBUG;
				SWIFT_OPTIMIZATION_LEVEL = "-Onone";
			};
			name = Debug;
		};
		DE9157C42A24B3DF003D45E8 /* Release */ = {
			isa = XCBuildConfiguration;
			buildSettings = {
				ALWAYS_SEARCH_USER_PATHS = NO;
				CLANG_ANALYZER_NONNULL = YES;
				CLANG_ANALYZER_NUMBER_OBJECT_CONVERSION = YES_AGGRESSIVE;
				CLANG_CXX_LANGUAGE_STANDARD = "gnu++20";
				CLANG_ENABLE_MODULES = YES;
				CLANG_ENABLE_OBJC_ARC = YES;
				CLANG_ENABLE_OBJC_WEAK = YES;
				CLANG_WARN_BLOCK_CAPTURE_AUTORELEASING = YES;
				CLANG_WARN_BOOL_CONVERSION = YES;
				CLANG_WARN_COMMA = YES;
				CLANG_WARN_CONSTANT_CONVERSION = YES;
				CLANG_WARN_DEPRECATED_OBJC_IMPLEMENTATIONS = YES;
				CLANG_WARN_DIRECT_OBJC_ISA_USAGE = YES_ERROR;
				CLANG_WARN_DOCUMENTATION_COMMENTS = YES;
				CLANG_WARN_EMPTY_BODY = YES;
				CLANG_WARN_ENUM_CONVERSION = YES;
				CLANG_WARN_INFINITE_RECURSION = YES;
				CLANG_WARN_INT_CONVERSION = YES;
				CLANG_WARN_NON_LITERAL_NULL_CONVERSION = YES;
				CLANG_WARN_OBJC_IMPLICIT_RETAIN_SELF = YES;
				CLANG_WARN_OBJC_LITERAL_CONVERSION = YES;
				CLANG_WARN_OBJC_ROOT_CLASS = YES_ERROR;
				CLANG_WARN_QUOTED_INCLUDE_IN_FRAMEWORK_HEADER = YES;
				CLANG_WARN_RANGE_LOOP_ANALYSIS = YES;
				CLANG_WARN_STRICT_PROTOTYPES = YES;
				CLANG_WARN_SUSPICIOUS_MOVE = YES;
				CLANG_WARN_UNGUARDED_AVAILABILITY = YES_AGGRESSIVE;
				CLANG_WARN_UNREACHABLE_CODE = YES;
				CLANG_WARN__DUPLICATE_METHOD_MATCH = YES;
				COPY_PHASE_STRIP = NO;
				DEBUG_INFORMATION_FORMAT = "dwarf-with-dsym";
				ENABLE_NS_ASSERTIONS = NO;
				ENABLE_STRICT_OBJC_MSGSEND = YES;
				GCC_C_LANGUAGE_STANDARD = gnu11;
				GCC_NO_COMMON_BLOCKS = YES;
				GCC_WARN_64_TO_32_BIT_CONVERSION = YES;
				GCC_WARN_ABOUT_RETURN_TYPE = YES_ERROR;
				GCC_WARN_UNDECLARED_SELECTOR = YES;
				GCC_WARN_UNINITIALIZED_AUTOS = YES_AGGRESSIVE;
				GCC_WARN_UNUSED_FUNCTION = YES;
				GCC_WARN_UNUSED_VARIABLE = YES;
				IPHONEOS_DEPLOYMENT_TARGET = 16.4;
				MTL_ENABLE_DEBUG_INFO = NO;
				MTL_FAST_MATH = YES;
				SDKROOT = iphoneos;
				SWIFT_COMPILATION_MODE = wholemodule;
				SWIFT_OPTIMIZATION_LEVEL = "-O";
				VALIDATE_PRODUCT = YES;
			};
			name = Release;
		};
		DE9157C62A24B3DF003D45E8 /* Debug */ = {
			isa = XCBuildConfiguration;
			buildSettings = {
				ASSETCATALOG_COMPILER_APPICON_NAME = AppIcon;
				ASSETCATALOG_COMPILER_GLOBAL_ACCENT_COLOR_NAME = AccentColor;
				CODE_SIGN_STYLE = Automatic;
				CURRENT_PROJECT_VERSION = 1;
				GENERATE_INFOPLIST_FILE = YES;
				INFOPLIST_FILE = "Resep Ku/Info.plist";
				INFOPLIST_KEY_UIApplicationSupportsIndirectInputEvents = YES;
				INFOPLIST_KEY_UILaunchStoryboardName = LaunchScreen;
				INFOPLIST_KEY_UIMainStoryboardFile = Main;
				INFOPLIST_KEY_UISupportedInterfaceOrientations_iPad = "UIInterfaceOrientationPortrait UIInterfaceOrientationPortraitUpsideDown UIInterfaceOrientationLandscapeLeft UIInterfaceOrientationLandscapeRight";
				INFOPLIST_KEY_UISupportedInterfaceOrientations_iPhone = "UIInterfaceOrientationPortrait UIInterfaceOrientationLandscapeLeft UIInterfaceOrientationLandscapeRight";
				LD_RUNPATH_SEARCH_PATHS = (
					"$(inherited)",
					"@executable_path/Frameworks",
				);
				MARKETING_VERSION = 1.0;
				PRODUCT_BUNDLE_IDENTIFIER = "com.anangkur.resepku.Resep-Ku";
				PRODUCT_NAME = "$(TARGET_NAME)";
				SWIFT_EMIT_LOC_STRINGS = YES;
				SWIFT_VERSION = 5.0;
				TARGETED_DEVICE_FAMILY = "1,2";
			};
			name = Debug;
		};
		DE9157C72A24B3DF003D45E8 /* Release */ = {
			isa = XCBuildConfiguration;
			buildSettings = {
				ASSETCATALOG_COMPILER_APPICON_NAME = AppIcon;
				ASSETCATALOG_COMPILER_GLOBAL_ACCENT_COLOR_NAME = AccentColor;
				CODE_SIGN_STYLE = Automatic;
				CURRENT_PROJECT_VERSION = 1;
				GENERATE_INFOPLIST_FILE = YES;
				INFOPLIST_FILE = "Resep Ku/Info.plist";
				INFOPLIST_KEY_UIApplicationSupportsIndirectInputEvents = YES;
				INFOPLIST_KEY_UILaunchStoryboardName = LaunchScreen;
				INFOPLIST_KEY_UIMainStoryboardFile = Main;
				INFOPLIST_KEY_UISupportedInterfaceOrientations_iPad = "UIInterfaceOrientationPortrait UIInterfaceOrientationPortraitUpsideDown UIInterfaceOrientationLandscapeLeft UIInterfaceOrientationLandscapeRight";
				INFOPLIST_KEY_UISupportedInterfaceOrientations_iPhone = "UIInterfaceOrientationPortrait UIInterfaceOrientationLandscapeLeft UIInterfaceOrientationLandscapeRight";
				LD_RUNPATH_SEARCH_PATHS = (
					"$(inherited)",
					"@executable_path/Frameworks",
				);
				MARKETING_VERSION = 1.0;
				PRODUCT_BUNDLE_IDENTIFIER = "com.anangkur.resepku.Resep-Ku";
				PRODUCT_NAME = "$(TARGET_NAME)";
				SWIFT_EMIT_LOC_STRINGS = YES;
				SWIFT_VERSION = 5.0;
				TARGETED_DEVICE_FAMILY = "1,2";
			};
			name = Release;
		};
/* End XCBuildConfiguration section */

/* Begin XCConfigurationList section */
		DE9157AC2A24B3DD003D45E8 /* Build configuration list for PBXProject "Resep Ku" */ = {
			isa = XCConfigurationList;
			buildConfigurations = (
				DE9157C32A24B3DF003D45E8 /* Debug */,
				DE9157C42A24B3DF003D45E8 /* Release */,
			);
			defaultConfigurationIsVisible = 0;
			defaultConfigurationName = Release;
		};
		DE9157C52A24B3DF003D45E8 /* Build configuration list for PBXNativeTarget "Resep Ku" */ = {
			isa = XCConfigurationList;
			buildConfigurations = (
				DE9157C62A24B3DF003D45E8 /* Debug */,
				DE9157C72A24B3DF003D45E8 /* Release */,
			);
			defaultConfigurationIsVisible = 0;
			defaultConfigurationName = Release;
		};
/* End XCConfigurationList section */
	};
	rootObject = DE9157A92A24B3DD003D45E8 /* Project object */;
}
