// !$*UTF8*$!
{
	archiveVersion = 1;
	classes = {
	};
	objectVersion = 56;
	objects = {

/* Begin PBXBuildFile section */
		DE0A2D272A28F47E00A50113 /* ThumbnailManager.swift in Sources */ = {isa = PBXBuildFile; fileRef = DE0A2D262A28F47E00A50113 /* ThumbnailManager.swift */; };
		DE1EE6CB2AD7CFFC00040A75 /* RVS_AutofillTextField in Frameworks */ = {isa = PBXBuildFile; productRef = DE1EE6CA2AD7CFFC00040A75 /* RVS_AutofillTextField */; };
		DE5736172A85E465001E5C02 /* ViewExtension.swift in Sources */ = {isa = PBXBuildFile; fileRef = DE5736162A85E465001E5C02 /* ViewExtension.swift */; };
		DE5736212A85EAD3001E5C02 /* DetailRecipeViewController.swift in Sources */ = {isa = PBXBuildFile; fileRef = DE57361F2A85EAD3001E5C02 /* DetailRecipeViewController.swift */; };
		DE5736222A85EAD3001E5C02 /* DetailRecipeViewController.xib in Resources */ = {isa = PBXBuildFile; fileRef = DE5736202A85EAD3001E5C02 /* DetailRecipeViewController.xib */; };
		DE640C0C2A28E823003518D0 /* RecipeCell.swift in Sources */ = {isa = PBXBuildFile; fileRef = DE640C0A2A28E823003518D0 /* RecipeCell.swift */; };
		DE640C0D2A28E823003518D0 /* RecipeCell.xib in Resources */ = {isa = PBXBuildFile; fileRef = DE640C0B2A28E823003518D0 /* RecipeCell.xib */; };
		DE68AB462AD291BE006207F8 /* RecipeRepository.swift in Sources */ = {isa = PBXBuildFile; fileRef = DE68AB452AD291BE006207F8 /* RecipeRepository.swift */; };
		DE68AB4B2AD294E2006207F8 /* RecipeRepositoryImpl.swift in Sources */ = {isa = PBXBuildFile; fileRef = DE68AB4A2AD294E2006207F8 /* RecipeRepositoryImpl.swift */; };
		DE68AB502AD29BEC006207F8 /* MainView.swift in Sources */ = {isa = PBXBuildFile; fileRef = DE68AB4F2AD29BEC006207F8 /* MainView.swift */; };
		DE68AB542AD29C8D006207F8 /* Recipe.swift in Sources */ = {isa = PBXBuildFile; fileRef = DE68AB532AD29C8D006207F8 /* Recipe.swift */; };
		DE68AB582AD29D25006207F8 /* MainPresenter.swift in Sources */ = {isa = PBXBuildFile; fileRef = DE68AB572AD29D25006207F8 /* MainPresenter.swift */; };
		DE68AB5E2AD2B3C5006207F8 /* DetailRecipeView.swift in Sources */ = {isa = PBXBuildFile; fileRef = DE68AB5D2AD2B3C5006207F8 /* DetailRecipeView.swift */; };
		DE68AB622AD2B3DD006207F8 /* DetailRecipePresenter.swift in Sources */ = {isa = PBXBuildFile; fileRef = DE68AB612AD2B3DD006207F8 /* DetailRecipePresenter.swift */; };
		DE68AB642AD2BFCB006207F8 /* RecipeCellView.swift in Sources */ = {isa = PBXBuildFile; fileRef = DE68AB632AD2BFCB006207F8 /* RecipeCellView.swift */; };
		DE68AB662AD2BFFE006207F8 /* RecipeCellPresenter.swift in Sources */ = {isa = PBXBuildFile; fileRef = DE68AB652AD2BFFE006207F8 /* RecipeCellPresenter.swift */; };
		DE9157B52A24B3DD003D45E8 /* AppDelegate.swift in Sources */ = {isa = PBXBuildFile; fileRef = DE9157B42A24B3DD003D45E8 /* AppDelegate.swift */; };
		DE9157B72A24B3DD003D45E8 /* SceneDelegate.swift in Sources */ = {isa = PBXBuildFile; fileRef = DE9157B62A24B3DD003D45E8 /* SceneDelegate.swift */; };
		DE9157B92A24B3DD003D45E8 /* MainViewController.swift in Sources */ = {isa = PBXBuildFile; fileRef = DE9157B82A24B3DD003D45E8 /* MainViewController.swift */; };
		DE9157BC2A24B3DD003D45E8 /* MainViewController.storyboard in Resources */ = {isa = PBXBuildFile; fileRef = DE9157BA2A24B3DD003D45E8 /* MainViewController.storyboard */; };
		DE9157BE2A24B3DF003D45E8 /* Assets.xcassets in Resources */ = {isa = PBXBuildFile; fileRef = DE9157BD2A24B3DF003D45E8 /* Assets.xcassets */; };
		DE9157C12A24B3DF003D45E8 /* LaunchScreen.storyboard in Resources */ = {isa = PBXBuildFile; fileRef = DE9157BF2A24B3DF003D45E8 /* LaunchScreen.storyboard */; };
		DE9B919B2AD671F20017E73A /* KeywordObject.swift in Sources */ = {isa = PBXBuildFile; fileRef = DE9B919A2AD671F20017E73A /* KeywordObject.swift */; };
		DE9B919D2AD6733E0017E73A /* KeywordRepository.swift in Sources */ = {isa = PBXBuildFile; fileRef = DE9B919C2AD6733E0017E73A /* KeywordRepository.swift */; };
		DE9B919F2AD67B780017E73A /* KeywordRepositoryImpl.swift in Sources */ = {isa = PBXBuildFile; fileRef = DE9B919E2AD67B780017E73A /* KeywordRepositoryImpl.swift */; };
		DEAC860B2AD55FEF00F452C3 /* FavoriteViewController.swift in Sources */ = {isa = PBXBuildFile; fileRef = DEAC86092AD55FEF00F452C3 /* FavoriteViewController.swift */; };
		DEAC860C2AD55FEF00F452C3 /* FavoriteViewController.xib in Resources */ = {isa = PBXBuildFile; fileRef = DEAC860A2AD55FEF00F452C3 /* FavoriteViewController.xib */; };
		DEAC860E2AD5666A00F452C3 /* FavoriteView.swift in Sources */ = {isa = PBXBuildFile; fileRef = DEAC860D2AD5666A00F452C3 /* FavoriteView.swift */; };
		DEAC86102AD5667500F452C3 /* FavoritePresenter.swift in Sources */ = {isa = PBXBuildFile; fileRef = DEAC860F2AD5667500F452C3 /* FavoritePresenter.swift */; };
		DEBAFDA52AA1AF5900DE67ED /* StringExtension.swift in Sources */ = {isa = PBXBuildFile; fileRef = DEBAFDA42AA1AF5900DE67ED /* StringExtension.swift */; };
		DEC1B0162A270947003EBD8C /* RecipeResponse.swift in Sources */ = {isa = PBXBuildFile; fileRef = DEC1B0152A270947003EBD8C /* RecipeResponse.swift */; };
		DEC1B0182A273F13003EBD8C /* SearchRecipeResponse.swift in Sources */ = {isa = PBXBuildFile; fileRef = DEC1B0172A273F13003EBD8C /* SearchRecipeResponse.swift */; };
		DEC1B01B2A274A2F003EBD8C /* RecipeManager.swift in Sources */ = {isa = PBXBuildFile; fileRef = DEC1B01A2A274A2F003EBD8C /* RecipeManager.swift */; };
		DEEEAD852ACEAFA3001B6881 /* Realm in Frameworks */ = {isa = PBXBuildFile; productRef = DEEEAD842ACEAFA3001B6881 /* Realm */; };
		DEEEAD872ACEAFA3001B6881 /* RealmSwift in Frameworks */ = {isa = PBXBuildFile; productRef = DEEEAD862ACEAFA3001B6881 /* RealmSwift */; };
		DEEEAD8A2ACEB133001B6881 /* RecipeObject.swift in Sources */ = {isa = PBXBuildFile; fileRef = DEEEAD892ACEB133001B6881 /* RecipeObject.swift */; };
		DEEEAD8E2ACEB578001B6881 /* DBManager.swift in Sources */ = {isa = PBXBuildFile; fileRef = DEEEAD8D2ACEB578001B6881 /* DBManager.swift */; };
		DEEEAD902ACEBCFF001B6881 /* FavoriteRecipeRepository.swift in Sources */ = {isa = PBXBuildFile; fileRef = DEEEAD8F2ACEBCFF001B6881 /* FavoriteRecipeRepository.swift */; };
		DEEEAD932ACEBDCC001B6881 /* FavoriteRecipeRepositoryImpl.swift in Sources */ = {isa = PBXBuildFile; fileRef = DEEEAD922ACEBDCC001B6881 /* FavoriteRecipeRepositoryImpl.swift */; };
		DEEEAD962ACECF97001B6881 /* UiViewControllerExtension.swift in Sources */ = {isa = PBXBuildFile; fileRef = DEEEAD952ACECF97001B6881 /* UiViewControllerExtension.swift */; };
/* End PBXBuildFile section */

/* Begin PBXFileReference section */
		DE0A2D262A28F47E00A50113 /* ThumbnailManager.swift */ = {isa = PBXFileReference; lastKnownFileType = sourcecode.swift; path = ThumbnailManager.swift; sourceTree = "<group>"; };
		DE5736162A85E465001E5C02 /* ViewExtension.swift */ = {isa = PBXFileReference; lastKnownFileType = sourcecode.swift; path = ViewExtension.swift; sourceTree = "<group>"; };
		DE57361F2A85EAD3001E5C02 /* DetailRecipeViewController.swift */ = {isa = PBXFileReference; lastKnownFileType = sourcecode.swift; path = DetailRecipeViewController.swift; sourceTree = "<group>"; };
		DE5736202A85EAD3001E5C02 /* DetailRecipeViewController.xib */ = {isa = PBXFileReference; lastKnownFileType = file.xib; path = DetailRecipeViewController.xib; sourceTree = "<group>"; };
		DE640C0A2A28E823003518D0 /* RecipeCell.swift */ = {isa = PBXFileReference; lastKnownFileType = sourcecode.swift; path = RecipeCell.swift; sourceTree = "<group>"; };
		DE640C0B2A28E823003518D0 /* RecipeCell.xib */ = {isa = PBXFileReference; lastKnownFileType = file.xib; path = RecipeCell.xib; sourceTree = "<group>"; };
		DE68AB452AD291BE006207F8 /* RecipeRepository.swift */ = {isa = PBXFileReference; lastKnownFileType = sourcecode.swift; path = RecipeRepository.swift; sourceTree = "<group>"; };
		DE68AB4A2AD294E2006207F8 /* RecipeRepositoryImpl.swift */ = {isa = PBXFileReference; lastKnownFileType = sourcecode.swift; path = RecipeRepositoryImpl.swift; sourceTree = "<group>"; };
		DE68AB4F2AD29BEC006207F8 /* MainView.swift */ = {isa = PBXFileReference; lastKnownFileType = sourcecode.swift; path = MainView.swift; sourceTree = "<group>"; };
		DE68AB532AD29C8D006207F8 /* Recipe.swift */ = {isa = PBXFileReference; lastKnownFileType = sourcecode.swift; path = Recipe.swift; sourceTree = "<group>"; };
		DE68AB572AD29D25006207F8 /* MainPresenter.swift */ = {isa = PBXFileReference; lastKnownFileType = sourcecode.swift; path = MainPresenter.swift; sourceTree = "<group>"; };
		DE68AB5D2AD2B3C5006207F8 /* DetailRecipeView.swift */ = {isa = PBXFileReference; lastKnownFileType = sourcecode.swift; path = DetailRecipeView.swift; sourceTree = "<group>"; };
		DE68AB612AD2B3DD006207F8 /* DetailRecipePresenter.swift */ = {isa = PBXFileReference; lastKnownFileType = sourcecode.swift; path = DetailRecipePresenter.swift; sourceTree = "<group>"; };
		DE68AB632AD2BFCB006207F8 /* RecipeCellView.swift */ = {isa = PBXFileReference; lastKnownFileType = sourcecode.swift; path = RecipeCellView.swift; sourceTree = "<group>"; };
		DE68AB652AD2BFFE006207F8 /* RecipeCellPresenter.swift */ = {isa = PBXFileReference; lastKnownFileType = sourcecode.swift; path = RecipeCellPresenter.swift; sourceTree = "<group>"; };
		DE9157B12A24B3DD003D45E8 /* Resep Ku.app */ = {isa = PBXFileReference; explicitFileType = wrapper.application; includeInIndex = 0; path = "Resep Ku.app"; sourceTree = BUILT_PRODUCTS_DIR; };
		DE9157B42A24B3DD003D45E8 /* AppDelegate.swift */ = {isa = PBXFileReference; lastKnownFileType = sourcecode.swift; path = AppDelegate.swift; sourceTree = "<group>"; };
		DE9157B62A24B3DD003D45E8 /* SceneDelegate.swift */ = {isa = PBXFileReference; lastKnownFileType = sourcecode.swift; path = SceneDelegate.swift; sourceTree = "<group>"; };
		DE9157B82A24B3DD003D45E8 /* MainViewController.swift */ = {isa = PBXFileReference; lastKnownFileType = sourcecode.swift; path = MainViewController.swift; sourceTree = "<group>"; };
		DE9157BB2A24B3DD003D45E8 /* Base */ = {isa = PBXFileReference; lastKnownFileType = file.storyboard; name = Base; path = Base.lproj/MainViewController.storyboard; sourceTree = "<group>"; };
		DE9157BD2A24B3DF003D45E8 /* Assets.xcassets */ = {isa = PBXFileReference; lastKnownFileType = folder.assetcatalog; path = Assets.xcassets; sourceTree = "<group>"; };
		DE9157C02A24B3DF003D45E8 /* Base */ = {isa = PBXFileReference; lastKnownFileType = file.storyboard; name = Base; path = Base.lproj/LaunchScreen.storyboard; sourceTree = "<group>"; };
		DE9157C22A24B3DF003D45E8 /* Info.plist */ = {isa = PBXFileReference; lastKnownFileType = text.plist.xml; path = Info.plist; sourceTree = "<group>"; };
		DE9B919A2AD671F20017E73A /* KeywordObject.swift */ = {isa = PBXFileReference; lastKnownFileType = sourcecode.swift; path = KeywordObject.swift; sourceTree = "<group>"; };
		DE9B919C2AD6733E0017E73A /* KeywordRepository.swift */ = {isa = PBXFileReference; lastKnownFileType = sourcecode.swift; path = KeywordRepository.swift; sourceTree = "<group>"; };
		DE9B919E2AD67B780017E73A /* KeywordRepositoryImpl.swift */ = {isa = PBXFileReference; lastKnownFileType = sourcecode.swift; path = KeywordRepositoryImpl.swift; sourceTree = "<group>"; };
		DEAC86092AD55FEF00F452C3 /* FavoriteViewController.swift */ = {isa = PBXFileReference; lastKnownFileType = sourcecode.swift; path = FavoriteViewController.swift; sourceTree = "<group>"; };
		DEAC860A2AD55FEF00F452C3 /* FavoriteViewController.xib */ = {isa = PBXFileReference; lastKnownFileType = file.xib; path = FavoriteViewController.xib; sourceTree = "<group>"; };
		DEAC860D2AD5666A00F452C3 /* FavoriteView.swift */ = {isa = PBXFileReference; lastKnownFileType = sourcecode.swift; path = FavoriteView.swift; sourceTree = "<group>"; };
		DEAC860F2AD5667500F452C3 /* FavoritePresenter.swift */ = {isa = PBXFileReference; lastKnownFileType = sourcecode.swift; path = FavoritePresenter.swift; sourceTree = "<group>"; };
		DEBAFDA42AA1AF5900DE67ED /* StringExtension.swift */ = {isa = PBXFileReference; lastKnownFileType = sourcecode.swift; path = StringExtension.swift; sourceTree = "<group>"; };
		DEC1B0152A270947003EBD8C /* RecipeResponse.swift */ = {isa = PBXFileReference; lastKnownFileType = sourcecode.swift; path = RecipeResponse.swift; sourceTree = "<group>"; };
		DEC1B0172A273F13003EBD8C /* SearchRecipeResponse.swift */ = {isa = PBXFileReference; lastKnownFileType = sourcecode.swift; path = SearchRecipeResponse.swift; sourceTree = "<group>"; };
		DEC1B01A2A274A2F003EBD8C /* RecipeManager.swift */ = {isa = PBXFileReference; lastKnownFileType = sourcecode.swift; path = RecipeManager.swift; sourceTree = "<group>"; };
		DEEEAD892ACEB133001B6881 /* RecipeObject.swift */ = {isa = PBXFileReference; lastKnownFileType = sourcecode.swift; path = RecipeObject.swift; sourceTree = "<group>"; };
		DEEEAD8D2ACEB578001B6881 /* DBManager.swift */ = {isa = PBXFileReference; lastKnownFileType = sourcecode.swift; path = DBManager.swift; sourceTree = "<group>"; };
		DEEEAD8F2ACEBCFF001B6881 /* FavoriteRecipeRepository.swift */ = {isa = PBXFileReference; lastKnownFileType = sourcecode.swift; path = FavoriteRecipeRepository.swift; sourceTree = "<group>"; };
		DEEEAD922ACEBDCC001B6881 /* FavoriteRecipeRepositoryImpl.swift */ = {isa = PBXFileReference; lastKnownFileType = sourcecode.swift; path = FavoriteRecipeRepositoryImpl.swift; sourceTree = "<group>"; };
		DEEEAD952ACECF97001B6881 /* UiViewControllerExtension.swift */ = {isa = PBXFileReference; lastKnownFileType = sourcecode.swift; path = UiViewControllerExtension.swift; sourceTree = "<group>"; };
/* End PBXFileReference section */

/* Begin PBXFrameworksBuildPhase section */
		DE9157AE2A24B3DD003D45E8 /* Frameworks */ = {
			isa = PBXFrameworksBuildPhase;
			buildActionMask = 2147483647;
			files = (
				DEEEAD872ACEAFA3001B6881 /* RealmSwift in Frameworks */,
				DEEEAD852ACEAFA3001B6881 /* Realm in Frameworks */,
				DE1EE6CB2AD7CFFC00040A75 /* RVS_AutofillTextField in Frameworks */,
			);
			runOnlyForDeploymentPostprocessing = 0;
		};
/* End PBXFrameworksBuildPhase section */

/* Begin PBXGroup section */
		DE1EE6C82AD7A3DD00040A75 /* RepositoryImpl */ = {
			isa = PBXGroup;
			children = (
				DEEEAD922ACEBDCC001B6881 /* FavoriteRecipeRepositoryImpl.swift */,
				DE68AB4A2AD294E2006207F8 /* RecipeRepositoryImpl.swift */,
				DE9B919E2AD67B780017E73A /* KeywordRepositoryImpl.swift */,
			);
			path = RepositoryImpl;
			sourceTree = "<group>";
		};
		DE5736152A85E44E001E5C02 /* Helper */ = {
			isa = PBXGroup;
			children = (
				DE5736162A85E465001E5C02 /* ViewExtension.swift */,
				DEBAFDA42AA1AF5900DE67ED /* StringExtension.swift */,
				DEEEAD952ACECF97001B6881 /* UiViewControllerExtension.swift */,
			);
			path = Helper;
			sourceTree = "<group>";
		};
		DE640C082A28E76E003518D0 /* View */ = {
			isa = PBXGroup;
			children = (
				DEAC86042AD55C0C00F452C3 /* FavoriteRecipe */,
				DE68AB4D2AD29B76006207F8 /* DetailRecipe */,
				DE68AB4C2AD29B58006207F8 /* Main */,
			);
			path = View;
			sourceTree = "<group>";
		};
		DE68AB472AD292E1006207F8 /* Remote */ = {
			isa = PBXGroup;
			children = (
				DE68AB482AD2935E006207F8 /* Model */,
				DEC1B01A2A274A2F003EBD8C /* RecipeManager.swift */,
				DE0A2D262A28F47E00A50113 /* ThumbnailManager.swift */,
			);
			path = Remote;
			sourceTree = "<group>";
		};
		DE68AB482AD2935E006207F8 /* Model */ = {
			isa = PBXGroup;
			children = (
				DE68AB492AD2936D006207F8 /* Response */,
			);
			path = Model;
			sourceTree = "<group>";
		};
		DE68AB492AD2936D006207F8 /* Response */ = {
			isa = PBXGroup;
			children = (
				DEC1B0152A270947003EBD8C /* RecipeResponse.swift */,
				DEC1B0172A273F13003EBD8C /* SearchRecipeResponse.swift */,
			);
			path = Response;
			sourceTree = "<group>";
		};
		DE68AB4C2AD29B58006207F8 /* Main */ = {
			isa = PBXGroup;
			children = (
				DE68AB4E2AD29BA9006207F8 /* RecipeItem */,
				DE9157BA2A24B3DD003D45E8 /* MainViewController.storyboard */,
				DE9157B82A24B3DD003D45E8 /* MainViewController.swift */,
				DE68AB4F2AD29BEC006207F8 /* MainView.swift */,
				DE68AB572AD29D25006207F8 /* MainPresenter.swift */,
			);
			path = Main;
			sourceTree = "<group>";
		};
		DE68AB4D2AD29B76006207F8 /* DetailRecipe */ = {
			isa = PBXGroup;
			children = (
				DE57361F2A85EAD3001E5C02 /* DetailRecipeViewController.swift */,
				DE5736202A85EAD3001E5C02 /* DetailRecipeViewController.xib */,
				DE68AB5D2AD2B3C5006207F8 /* DetailRecipeView.swift */,
				DE68AB612AD2B3DD006207F8 /* DetailRecipePresenter.swift */,
			);
			path = DetailRecipe;
			sourceTree = "<group>";
		};
		DE68AB4E2AD29BA9006207F8 /* RecipeItem */ = {
			isa = PBXGroup;
			children = (
				DE640C0B2A28E823003518D0 /* RecipeCell.xib */,
				DE640C0A2A28E823003518D0 /* RecipeCell.swift */,
				DE68AB632AD2BFCB006207F8 /* RecipeCellView.swift */,
				DE68AB652AD2BFFE006207F8 /* RecipeCellPresenter.swift */,
			);
			path = RecipeItem;
			sourceTree = "<group>";
		};
		DE68AB512AD29C38006207F8 /* Model */ = {
			isa = PBXGroup;
			children = (
				DE68AB532AD29C8D006207F8 /* Recipe.swift */,
			);
			path = Model;
			sourceTree = "<group>";
		};
		DE68AB522AD29C3E006207F8 /* Repository */ = {
			isa = PBXGroup;
			children = (
				DEEEAD8F2ACEBCFF001B6881 /* FavoriteRecipeRepository.swift */,
				DE68AB452AD291BE006207F8 /* RecipeRepository.swift */,
				DE9B919C2AD6733E0017E73A /* KeywordRepository.swift */,
			);
			path = Repository;
			sourceTree = "<group>";
		};
		DE9157A82A24B3DD003D45E8 = {
			isa = PBXGroup;
			children = (
				DE9157B32A24B3DD003D45E8 /* Resep Ku */,
				DE9157B22A24B3DD003D45E8 /* Products */,
			);
			sourceTree = "<group>";
		};
		DE9157B22A24B3DD003D45E8 /* Products */ = {
			isa = PBXGroup;
			children = (
				DE9157B12A24B3DD003D45E8 /* Resep Ku.app */,
			);
			name = Products;
			sourceTree = "<group>";
		};
		DE9157B32A24B3DD003D45E8 /* Resep Ku */ = {
			isa = PBXGroup;
			children = (
				DEEEAD912ACEBDAE001B6881 /* Domain */,
				DEEEAD8B2ACEB540001B6881 /* Data */,
				DE5736152A85E44E001E5C02 /* Helper */,
				DE640C082A28E76E003518D0 /* View */,
				DE9157B42A24B3DD003D45E8 /* AppDelegate.swift */,
				DE9157B62A24B3DD003D45E8 /* SceneDelegate.swift */,
				DE9157BD2A24B3DF003D45E8 /* Assets.xcassets */,
				DE9157BF2A24B3DF003D45E8 /* LaunchScreen.storyboard */,
				DE9157C22A24B3DF003D45E8 /* Info.plist */,
			);
			path = "Resep Ku";
			sourceTree = "<group>";
		};
		DEAC86042AD55C0C00F452C3 /* FavoriteRecipe */ = {
			isa = PBXGroup;
			children = (
				DEAC86092AD55FEF00F452C3 /* FavoriteViewController.swift */,
				DEAC860A2AD55FEF00F452C3 /* FavoriteViewController.xib */,
				DEAC860D2AD5666A00F452C3 /* FavoriteView.swift */,
				DEAC860F2AD5667500F452C3 /* FavoritePresenter.swift */,
			);
			path = FavoriteRecipe;
			sourceTree = "<group>";
		};
		DEEEAD8B2ACEB540001B6881 /* Data */ = {
			isa = PBXGroup;
			children = (
				DE1EE6C82AD7A3DD00040A75 /* RepositoryImpl */,
				DE68AB472AD292E1006207F8 /* Remote */,
				DEEEAD8C2ACEB54E001B6881 /* Local */,
			);
			path = Data;
			sourceTree = "<group>";
		};
		DEEEAD8C2ACEB54E001B6881 /* Local */ = {
			isa = PBXGroup;
			children = (
				DEEEAD942ACEC54F001B6881 /* Model */,
				DEEEAD8D2ACEB578001B6881 /* DBManager.swift */,
			);
			path = Local;
			sourceTree = "<group>";
		};
		DEEEAD912ACEBDAE001B6881 /* Domain */ = {
			isa = PBXGroup;
			children = (
				DE68AB522AD29C3E006207F8 /* Repository */,
				DE68AB512AD29C38006207F8 /* Model */,
			);
			path = Domain;
			sourceTree = "<group>";
		};
		DEEEAD942ACEC54F001B6881 /* Model */ = {
			isa = PBXGroup;
			children = (
				DEEEAD892ACEB133001B6881 /* RecipeObject.swift */,
				DE9B919A2AD671F20017E73A /* KeywordObject.swift */,
			);
			path = Model;
			sourceTree = "<group>";
		};
/* End PBXGroup section */

/* Begin PBXNativeTarget section */
		DE9157B02A24B3DD003D45E8 /* Resep Ku */ = {
			isa = PBXNativeTarget;
			buildConfigurationList = DE9157C52A24B3DF003D45E8 /* Build configuration list for PBXNativeTarget "Resep Ku" */;
			buildPhases = (
				DE9157AD2A24B3DD003D45E8 /* Sources */,
				DE9157AE2A24B3DD003D45E8 /* Frameworks */,
				DE9157AF2A24B3DD003D45E8 /* Resources */,
			);
			buildRules = (
			);
			dependencies = (
			);
			name = "Resep Ku";
			packageProductDependencies = (
				DEEEAD842ACEAFA3001B6881 /* Realm */,
				DEEEAD862ACEAFA3001B6881 /* RealmSwift */,
				DE1EE6CA2AD7CFFC00040A75 /* RVS_AutofillTextField */,
			);
			productName = "Resep Ku";
			productReference = DE9157B12A24B3DD003D45E8 /* Resep Ku.app */;
			productType = "com.apple.product-type.application";
		};
/* End PBXNativeTarget section */

/* Begin PBXProject section */
		DE9157A92A24B3DD003D45E8 /* Project object */ = {
			isa = PBXProject;
			attributes = {
				BuildIndependentTargetsInParallel = 1;
				LastSwiftUpdateCheck = 1430;
				LastUpgradeCheck = 1500;
				TargetAttributes = {
					DE9157B02A24B3DD003D45E8 = {
						CreatedOnToolsVersion = 14.3;
					};
				};
			};
			buildConfigurationList = DE9157AC2A24B3DD003D45E8 /* Build configuration list for PBXProject "Resep Ku" */;
			compatibilityVersion = "Xcode 14.0";
			developmentRegion = en;
			hasScannedForEncodings = 0;
			knownRegions = (
				en,
				Base,
			);
			mainGroup = DE9157A82A24B3DD003D45E8;
			packageReferences = (
				DEEEAD832ACEAFA3001B6881 /* XCRemoteSwiftPackageReference "realm-swift" */,
				DE1EE6C92AD7CFFC00040A75 /* XCRemoteSwiftPackageReference "RVS_AutofillTextField" */,
			);
			productRefGroup = DE9157B22A24B3DD003D45E8 /* Products */;
			projectDirPath = "";
			projectRoot = "";
			targets = (
				DE9157B02A24B3DD003D45E8 /* Resep Ku */,
			);
		};
/* End PBXProject section */

/* Begin PBXResourcesBuildPhase section */
		DE9157AF2A24B3DD003D45E8 /* Resources */ = {
			isa = PBXResourcesBuildPhase;
			buildActionMask = 2147483647;
			files = (
				DE9157C12A24B3DF003D45E8 /* LaunchScreen.storyboard in Resources */,
				DE9157BE2A24B3DF003D45E8 /* Assets.xcassets in Resources */,
				DEAC860C2AD55FEF00F452C3 /* FavoriteViewController.xib in Resources */,
				DE5736222A85EAD3001E5C02 /* DetailRecipeViewController.xib in Resources */,
				DE9157BC2A24B3DD003D45E8 /* MainViewController.storyboard in Resources */,
				DE640C0D2A28E823003518D0 /* RecipeCell.xib in Resources */,
			);
			runOnlyForDeploymentPostprocessing = 0;
		};
/* End PBXResourcesBuildPhase section */

/* Begin PBXSourcesBuildPhase section */
		DE9157AD2A24B3DD003D45E8 /* Sources */ = {
			isa = PBXSourcesBuildPhase;
			buildActionMask = 2147483647;
			files = (
				DEEEAD8E2ACEB578001B6881 /* DBManager.swift in Sources */,
				DE5736212A85EAD3001E5C02 /* DetailRecipeViewController.swift in Sources */,
				DE5736172A85E465001E5C02 /* ViewExtension.swift in Sources */,
				DEEEAD902ACEBCFF001B6881 /* FavoriteRecipeRepository.swift in Sources */,
				DEEEAD962ACECF97001B6881 /* UiViewControllerExtension.swift in Sources */,
				DE68AB502AD29BEC006207F8 /* MainView.swift in Sources */,
				DEAC86102AD5667500F452C3 /* FavoritePresenter.swift in Sources */,
				DE0A2D272A28F47E00A50113 /* ThumbnailManager.swift in Sources */,
				DE9157B92A24B3DD003D45E8 /* MainViewController.swift in Sources */,
				DE9B919D2AD6733E0017E73A /* KeywordRepository.swift in Sources */,
				DEEEAD8A2ACEB133001B6881 /* RecipeObject.swift in Sources */,
				DE68AB5E2AD2B3C5006207F8 /* DetailRecipeView.swift in Sources */,
				DEC1B0182A273F13003EBD8C /* SearchRecipeResponse.swift in Sources */,
				DE9157B52A24B3DD003D45E8 /* AppDelegate.swift in Sources */,
				DE68AB622AD2B3DD006207F8 /* DetailRecipePresenter.swift in Sources */,
				DE640C0C2A28E823003518D0 /* RecipeCell.swift in Sources */,
				DEC1B01B2A274A2F003EBD8C /* RecipeManager.swift in Sources */,
				DE68AB662AD2BFFE006207F8 /* RecipeCellPresenter.swift in Sources */,
				DEAC860E2AD5666A00F452C3 /* FavoriteView.swift in Sources */,
				DE9157B72A24B3DD003D45E8 /* SceneDelegate.swift in Sources */,
				DE68AB4B2AD294E2006207F8 /* RecipeRepositoryImpl.swift in Sources */,
				DE9B919B2AD671F20017E73A /* KeywordObject.swift in Sources */,
				DE68AB462AD291BE006207F8 /* RecipeRepository.swift in Sources */,
				DE9B919F2AD67B780017E73A /* KeywordRepositoryImpl.swift in Sources */,
				DE68AB642AD2BFCB006207F8 /* RecipeCellView.swift in Sources */,
				DEEEAD932ACEBDCC001B6881 /* FavoriteRecipeRepositoryImpl.swift in Sources */,
				DEAC860B2AD55FEF00F452C3 /* FavoriteViewController.swift in Sources */,
				DEBAFDA52AA1AF5900DE67ED /* StringExtension.swift in Sources */,
				DEC1B0162A270947003EBD8C /* RecipeResponse.swift in Sources */,
				DE68AB582AD29D25006207F8 /* MainPresenter.swift in Sources */,
				DE68AB542AD29C8D006207F8 /* Recipe.swift in Sources */,
			);
			runOnlyForDeploymentPostprocessing = 0;
		};
/* End PBXSourcesBuildPhase section */

/* Begin PBXVariantGroup section */
		DE9157BA2A24B3DD003D45E8 /* MainViewController.storyboard */ = {
			isa = PBXVariantGroup;
			children = (
				DE9157BB2A24B3DD003D45E8 /* Base */,
			);
			name = MainViewController.storyboard;
			sourceTree = "<group>";
		};
		DE9157BF2A24B3DF003D45E8 /* LaunchScreen.storyboard */ = {
			isa = PBXVariantGroup;
			children = (
				DE9157C02A24B3DF003D45E8 /* Base */,
			);
			name = LaunchScreen.storyboard;
			sourceTree = "<group>";
		};
/* End PBXVariantGroup section */

/* Begin XCBuildConfiguration section */
		DE9157C32A24B3DF003D45E8 /* Debug */ = {
			isa = XCBuildConfiguration;
			buildSettings = {
				ALWAYS_SEARCH_USER_PATHS = NO;
				CLANG_ANALYZER_NONNULL = YES;
				CLANG_ANALYZER_NUMBER_OBJECT_CONVERSION = YES_AGGRESSIVE;
				CLANG_CXX_LANGUAGE_STANDARD = "gnu++20";
				CLANG_ENABLE_MODULES = YES;
				CLANG_ENABLE_OBJC_ARC = YES;
				CLANG_ENABLE_OBJC_WEAK = YES;
				CLANG_WARN_BLOCK_CAPTURE_AUTORELEASING = YES;
				CLANG_WARN_BOOL_CONVERSION = YES;
				CLANG_WARN_COMMA = YES;
				CLANG_WARN_CONSTANT_CONVERSION = YES;
				CLANG_WARN_DEPRECATED_OBJC_IMPLEMENTATIONS = YES;
				CLANG_WARN_DIRECT_OBJC_ISA_USAGE = YES_ERROR;
				CLANG_WARN_DOCUMENTATION_COMMENTS = YES;
				CLANG_WARN_EMPTY_BODY = YES;
				CLANG_WARN_ENUM_CONVERSION = YES;
				CLANG_WARN_INFINITE_RECURSION = YES;
				CLANG_WARN_INT_CONVERSION = YES;
				CLANG_WARN_NON_LITERAL_NULL_CONVERSION = YES;
				CLANG_WARN_OBJC_IMPLICIT_RETAIN_SELF = YES;
				CLANG_WARN_OBJC_LITERAL_CONVERSION = YES;
				CLANG_WARN_OBJC_ROOT_CLASS = YES_ERROR;
				CLANG_WARN_QUOTED_INCLUDE_IN_FRAMEWORK_HEADER = YES;
				CLANG_WARN_RANGE_LOOP_ANALYSIS = YES;
				CLANG_WARN_STRICT_PROTOTYPES = YES;
				CLANG_WARN_SUSPICIOUS_MOVE = YES;
				CLANG_WARN_UNGUARDED_AVAILABILITY = YES_AGGRESSIVE;
				CLANG_WARN_UNREACHABLE_CODE = YES;
				CLANG_WARN__DUPLICATE_METHOD_MATCH = YES;
				COPY_PHASE_STRIP = NO;
				DEBUG_INFORMATION_FORMAT = dwarf;
				ENABLE_STRICT_OBJC_MSGSEND = YES;
				ENABLE_TESTABILITY = YES;
				ENABLE_USER_SCRIPT_SANDBOXING = YES;
				GCC_C_LANGUAGE_STANDARD = gnu11;
				GCC_DYNAMIC_NO_PIC = NO;
				GCC_NO_COMMON_BLOCKS = YES;
				GCC_OPTIMIZATION_LEVEL = 0;
				GCC_PREPROCESSOR_DEFINITIONS = (
					"DEBUG=1",
					"$(inherited)",
				);
				GCC_WARN_64_TO_32_BIT_CONVERSION = YES;
				GCC_WARN_ABOUT_RETURN_TYPE = YES_ERROR;
				GCC_WARN_UNDECLARED_SELECTOR = YES;
				GCC_WARN_UNINITIALIZED_AUTOS = YES_AGGRESSIVE;
				GCC_WARN_UNUSED_FUNCTION = YES;
				GCC_WARN_UNUSED_VARIABLE = YES;
				IPHONEOS_DEPLOYMENT_TARGET = 16.4;
				MTL_ENABLE_DEBUG_INFO = INCLUDE_SOURCE;
				MTL_FAST_MATH = YES;
				ONLY_ACTIVE_ARCH = YES;
				SDKROOT = iphoneos;
				SWIFT_ACTIVE_COMPILATION_CONDITIONS = DEBUG;
				SWIFT_OPTIMIZATION_LEVEL = "-Onone";
			};
			name = Debug;
		};
		DE9157C42A24B3DF003D45E8 /* Release */ = {
			isa = XCBuildConfiguration;
			buildSettings = {
				ALWAYS_SEARCH_USER_PATHS = NO;
				CLANG_ANALYZER_NONNULL = YES;
				CLANG_ANALYZER_NUMBER_OBJECT_CONVERSION = YES_AGGRESSIVE;
				CLANG_CXX_LANGUAGE_STANDARD = "gnu++20";
				CLANG_ENABLE_MODULES = YES;
				CLANG_ENABLE_OBJC_ARC = YES;
				CLANG_ENABLE_OBJC_WEAK = YES;
				CLANG_WARN_BLOCK_CAPTURE_AUTORELEASING = YES;
				CLANG_WARN_BOOL_CONVERSION = YES;
				CLANG_WARN_COMMA = YES;
				CLANG_WARN_CONSTANT_CONVERSION = YES;
				CLANG_WARN_DEPRECATED_OBJC_IMPLEMENTATIONS = YES;
				CLANG_WARN_DIRECT_OBJC_ISA_USAGE = YES_ERROR;
				CLANG_WARN_DOCUMENTATION_COMMENTS = YES;
				CLANG_WARN_EMPTY_BODY = YES;
				CLANG_WARN_ENUM_CONVERSION = YES;
				CLANG_WARN_INFINITE_RECURSION = YES;
				CLANG_WARN_INT_CONVERSION = YES;
				CLANG_WARN_NON_LITERAL_NULL_CONVERSION = YES;
				CLANG_WARN_OBJC_IMPLICIT_RETAIN_SELF = YES;
				CLANG_WARN_OBJC_LITERAL_CONVERSION = YES;
				CLANG_WARN_OBJC_ROOT_CLASS = YES_ERROR;
				CLANG_WARN_QUOTED_INCLUDE_IN_FRAMEWORK_HEADER = YES;
				CLANG_WARN_RANGE_LOOP_ANALYSIS = YES;
				CLANG_WARN_STRICT_PROTOTYPES = YES;
				CLANG_WARN_SUSPICIOUS_MOVE = YES;
				CLANG_WARN_UNGUARDED_AVAILABILITY = YES_AGGRESSIVE;
				CLANG_WARN_UNREACHABLE_CODE = YES;
				CLANG_WARN__DUPLICATE_METHOD_MATCH = YES;
				COPY_PHASE_STRIP = NO;
				DEBUG_INFORMATION_FORMAT = "dwarf-with-dsym";
				ENABLE_NS_ASSERTIONS = NO;
				ENABLE_STRICT_OBJC_MSGSEND = YES;
				ENABLE_USER_SCRIPT_SANDBOXING = YES;
				GCC_C_LANGUAGE_STANDARD = gnu11;
				GCC_NO_COMMON_BLOCKS = YES;
				GCC_WARN_64_TO_32_BIT_CONVERSION = YES;
				GCC_WARN_ABOUT_RETURN_TYPE = YES_ERROR;
				GCC_WARN_UNDECLARED_SELECTOR = YES;
				GCC_WARN_UNINITIALIZED_AUTOS = YES_AGGRESSIVE;
				GCC_WARN_UNUSED_FUNCTION = YES;
				GCC_WARN_UNUSED_VARIABLE = YES;
				IPHONEOS_DEPLOYMENT_TARGET = 16.4;
				MTL_ENABLE_DEBUG_INFO = NO;
				MTL_FAST_MATH = YES;
				SDKROOT = iphoneos;
				SWIFT_COMPILATION_MODE = wholemodule;
				SWIFT_OPTIMIZATION_LEVEL = "-O";
				VALIDATE_PRODUCT = YES;
			};
			name = Release;
		};
		DE9157C62A24B3DF003D45E8 /* Debug */ = {
			isa = XCBuildConfiguration;
			buildSettings = {
				ASSETCATALOG_COMPILER_APPICON_NAME = AppIcon;
				ASSETCATALOG_COMPILER_GLOBAL_ACCENT_COLOR_NAME = AccentColor;
				CODE_SIGN_STYLE = Automatic;
				CURRENT_PROJECT_VERSION = 1;
				GENERATE_INFOPLIST_FILE = YES;
				INFOPLIST_FILE = "Resep Ku/Info.plist";
				INFOPLIST_KEY_UIApplicationSupportsIndirectInputEvents = YES;
				INFOPLIST_KEY_UILaunchStoryboardName = LaunchScreen;
				INFOPLIST_KEY_UIMainStoryboardFile = MainViewController;
				INFOPLIST_KEY_UISupportedInterfaceOrientations_iPad = "UIInterfaceOrientationPortrait UIInterfaceOrientationPortraitUpsideDown UIInterfaceOrientationLandscapeLeft UIInterfaceOrientationLandscapeRight";
				INFOPLIST_KEY_UISupportedInterfaceOrientations_iPhone = "UIInterfaceOrientationPortrait UIInterfaceOrientationLandscapeLeft UIInterfaceOrientationLandscapeRight";
				LD_RUNPATH_SEARCH_PATHS = (
					"$(inherited)",
					"@executable_path/Frameworks",
				);
				MARKETING_VERSION = 1.0;
				PRODUCT_BUNDLE_IDENTIFIER = "com.anangkur.resepku.Resep-Ku";
				PRODUCT_NAME = "$(TARGET_NAME)";
				SWIFT_EMIT_LOC_STRINGS = YES;
				SWIFT_VERSION = 5.0;
				TARGETED_DEVICE_FAMILY = "1,2";
			};
			name = Debug;
		};
		DE9157C72A24B3DF003D45E8 /* Release */ = {
			isa = XCBuildConfiguration;
			buildSettings = {
				ASSETCATALOG_COMPILER_APPICON_NAME = AppIcon;
				ASSETCATALOG_COMPILER_GLOBAL_ACCENT_COLOR_NAME = AccentColor;
				CODE_SIGN_STYLE = Automatic;
				CURRENT_PROJECT_VERSION = 1;
				GENERATE_INFOPLIST_FILE = YES;
				INFOPLIST_FILE = "Resep Ku/Info.plist";
				INFOPLIST_KEY_UIApplicationSupportsIndirectInputEvents = YES;
				INFOPLIST_KEY_UILaunchStoryboardName = LaunchScreen;
				INFOPLIST_KEY_UIMainStoryboardFile = MainViewController;
				INFOPLIST_KEY_UISupportedInterfaceOrientations_iPad = "UIInterfaceOrientationPortrait UIInterfaceOrientationPortraitUpsideDown UIInterfaceOrientationLandscapeLeft UIInterfaceOrientationLandscapeRight";
				INFOPLIST_KEY_UISupportedInterfaceOrientations_iPhone = "UIInterfaceOrientationPortrait UIInterfaceOrientationLandscapeLeft UIInterfaceOrientationLandscapeRight";
				LD_RUNPATH_SEARCH_PATHS = (
					"$(inherited)",
					"@executable_path/Frameworks",
				);
				MARKETING_VERSION = 1.0;
				PRODUCT_BUNDLE_IDENTIFIER = "com.anangkur.resepku.Resep-Ku";
				PRODUCT_NAME = "$(TARGET_NAME)";
				SWIFT_EMIT_LOC_STRINGS = YES;
				SWIFT_VERSION = 5.0;
				TARGETED_DEVICE_FAMILY = "1,2";
			};
			name = Release;
		};
/* End XCBuildConfiguration section */

/* Begin XCConfigurationList section */
		DE9157AC2A24B3DD003D45E8 /* Build configuration list for PBXProject "Resep Ku" */ = {
			isa = XCConfigurationList;
			buildConfigurations = (
				DE9157C32A24B3DF003D45E8 /* Debug */,
				DE9157C42A24B3DF003D45E8 /* Release */,
			);
			defaultConfigurationIsVisible = 0;
			defaultConfigurationName = Release;
		};
		DE9157C52A24B3DF003D45E8 /* Build configuration list for PBXNativeTarget "Resep Ku" */ = {
			isa = XCConfigurationList;
			buildConfigurations = (
				DE9157C62A24B3DF003D45E8 /* Debug */,
				DE9157C72A24B3DF003D45E8 /* Release */,
			);
			defaultConfigurationIsVisible = 0;
			defaultConfigurationName = Release;
		};
/* End XCConfigurationList section */

/* Begin XCRemoteSwiftPackageReference section */
		DE1EE6C92AD7CFFC00040A75 /* XCRemoteSwiftPackageReference "RVS_AutofillTextField" */ = {
			isa = XCRemoteSwiftPackageReference;
			repositoryURL = "https://github.com/RiftValleySoftware/RVS_AutofillTextField.git";
			requirement = {
				kind = upToNextMajorVersion;
				minimumVersion = 1.3.5;
			};
		};
		DEEEAD832ACEAFA3001B6881 /* XCRemoteSwiftPackageReference "realm-swift" */ = {
			isa = XCRemoteSwiftPackageReference;
			repositoryURL = "https://github.com/realm/realm-swift.git";
			requirement = {
				branch = master;
				kind = branch;
			};
		};
/* End XCRemoteSwiftPackageReference section */

/* Begin XCSwiftPackageProductDependency section */
		DE1EE6CA2AD7CFFC00040A75 /* RVS_AutofillTextField */ = {
			isa = XCSwiftPackageProductDependency;
			package = DE1EE6C92AD7CFFC00040A75 /* XCRemoteSwiftPackageReference "RVS_AutofillTextField" */;
			productName = RVS_AutofillTextField;
		};
		DEEEAD842ACEAFA3001B6881 /* Realm */ = {
			isa = XCSwiftPackageProductDependency;
			package = DEEEAD832ACEAFA3001B6881 /* XCRemoteSwiftPackageReference "realm-swift" */;
			productName = Realm;
		};
		DEEEAD862ACEAFA3001B6881 /* RealmSwift */ = {
			isa = XCSwiftPackageProductDependency;
			package = DEEEAD832ACEAFA3001B6881 /* XCRemoteSwiftPackageReference "realm-swift" */;
			productName = RealmSwift;
		};
/* End XCSwiftPackageProductDependency section */
	};
	rootObject = DE9157A92A24B3DD003D45E8 /* Project object */;
}
